{
  "version": 4,
  "terraform_version": "0.12.15",
  "serial": 86,
  "lineage": "dc1f6714-7d78-2d8b-0a34-0d60fff70b32",
  "outputs": {
    "external_ip": {
      "value": [
        "35.205.182.43",
        "35.195.14.29",
        "34.76.140.120"
      ],
      "type": [
        "tuple",
        [
          "string",
          "string",
          "string"
        ]
      ]
    }
  },
  "resources": [
    {
      "mode": "managed",
      "type": "google_compute_firewall",
      "name": "firewall_reddit",
      "provider": "provider.google",
      "instances": [
        {
          "schema_version": 1,
          "attributes": {
            "allow": [
              {
                "ports": [
                  "9292"
                ],
                "protocol": "tcp"
              }
            ],
            "creation_timestamp": "2019-11-19T10:32:30.504-08:00",
            "deny": [],
            "description": "",
            "destination_ranges": [],
            "direction": "INGRESS",
            "disabled": false,
            "id": "reddit-http",
            "name": "reddit-http",
            "network": "https://www.googleapis.com/compute/v1/projects/docker-258721/global/networks/default",
            "priority": 1000,
            "project": "docker-258721",
            "self_link": "https://www.googleapis.com/compute/v1/projects/docker-258721/global/firewalls/reddit-http",
            "source_ranges": [
              "0.0.0.0/0"
            ],
            "source_service_accounts": null,
            "source_tags": null,
            "target_service_accounts": null,
            "target_tags": null,
            "timeouts": null
          },
          "private": "eyJlMmJmYjczMC1lY2FhLTExZTYtOGY4OC0zNDM2M2JjN2M0YzAiOnsiY3JlYXRlIjoyNDAwMDAwMDAwMDAsImRlbGV0ZSI6MjQwMDAwMDAwMDAwLCJ1cGRhdGUiOjI0MDAwMDAwMDAwMH0sInNjaGVtYV92ZXJzaW9uIjoiMSJ9"
        }
      ]
    },
    {
      "mode": "managed",
      "type": "google_compute_instance",
      "name": "docker-host",
      "each": "list",
      "provider": "provider.google",
      "instances": [
        {
          "index_key": 0,
          "schema_version": 6,
          "attributes": {
            "allow_stopping_for_update": null,
            "attached_disk": [],
            "boot_disk": [
              {
                "auto_delete": true,
                "device_name": "persistent-disk-0",
                "disk_encryption_key_raw": "",
                "disk_encryption_key_sha256": "",
                "initialize_params": [
                  {
                    "image": "https://www.googleapis.com/compute/v1/projects/docker-258721/global/images/docker-host-1573856950",
                    "labels": {},
                    "size": 10,
                    "type": "pd-standard"
                  }
                ],
                "kms_key_self_link": "",
                "mode": "READ_WRITE",
                "source": "https://www.googleapis.com/compute/v1/projects/docker-258721/zones/europe-west1-b/disks/docker-host-0"
              }
            ],
            "can_ip_forward": false,
            "cpu_platform": "Intel Haswell",
            "deletion_protection": false,
            "description": "",
            "disk": [],
            "enable_display": false,
            "guest_accelerator": [],
            "hostname": "",
            "id": "docker-host-0",
            "instance_id": "7498924407515614127",
            "label_fingerprint": "42WmSpB8rSM=",
            "labels": null,
            "machine_type": "n1-standard-1",
            "metadata": {
              "ssh-keys": "appuser:ssh-rsa AAAAB3NzaC1yc2EAAAADAQABAAABAQDjmx4NZz8pYEqJCOsVQrtWqLSw8Ir3FwZU5sooUCxN7Xwk/+/HA0Eh62kI7zFSgXRoY1Sx6UaNwg82NpJZC6se3vXJWK+n5FtrmzWhE19+rSWFZEuzHXP6gJXSpAgSFo/NRHmALhuv7O2/McOzArs3Cr99KiT2wLil68+kzg2OSbY9bvvleC8bDVg6sRp08FXIy3uZ73774bkTlYPTIb8FrB1toRkpopAqlnC1lFBA3ZYTCF4Kf45YBjvMmysBa0omrfPfoMfEIluCkSoPo5a+2m9H2KbBNSHZLkd4PHh5cTUW+UaobuHdoSYWpkXFyZ2AkDWFcBmwm2uxwmJaacMN appuser\n"
            },
            "metadata_fingerprint": "GM6GsU194LY=",
            "metadata_startup_script": "",
            "min_cpu_platform": "",
            "name": "docker-host-0",
            "network_interface": [
              {
                "access_config": [
                  {
                    "assigned_nat_ip": "",
                    "nat_ip": "35.205.182.43",
                    "network_tier": "PREMIUM",
                    "public_ptr_domain_name": ""
                  }
                ],
                "address": "",
                "alias_ip_range": [],
                "name": "nic0",
                "network": "https://www.googleapis.com/compute/v1/projects/docker-258721/global/networks/default",
                "network_ip": "10.132.0.39",
                "subnetwork": "https://www.googleapis.com/compute/v1/projects/docker-258721/regions/europe-west1/subnetworks/default",
                "subnetwork_project": "docker-258721"
              }
            ],
            "project": "docker-258721",
            "scheduling": [
              {
                "automatic_restart": true,
                "node_affinities": [],
                "on_host_maintenance": "MIGRATE",
                "preemptible": false
              }
            ],
            "scratch_disk": [],
            "self_link": "https://www.googleapis.com/compute/v1/projects/docker-258721/zones/europe-west1-b/instances/docker-host-0",
            "service_account": [],
            "shielded_instance_config": [],
            "tags": [
              "docker-machines"
            ],
            "tags_fingerprint": "DYuTNhd7XtU=",
            "timeouts": null,
            "zone": "europe-west1-b"
          },
          "private": "eyJlMmJmYjczMC1lY2FhLTExZTYtOGY4OC0zNDM2M2JjN2M0YzAiOnsiY3JlYXRlIjoxMjAwMDAwMDAwMDAwLCJkZWxldGUiOjEyMDAwMDAwMDAwMDAsInVwZGF0ZSI6MTIwMDAwMDAwMDAwMH0sInNjaGVtYV92ZXJzaW9uIjoiNiJ9"
        },
        {
          "index_key": 1,
          "schema_version": 6,
          "attributes": {
            "allow_stopping_for_update": null,
            "attached_disk": [],
            "boot_disk": [
              {
                "auto_delete": true,
                "device_name": "persistent-disk-0",
                "disk_encryption_key_raw": "",
                "disk_encryption_key_sha256": "",
                "initialize_params": [
                  {
                    "image": "https://www.googleapis.com/compute/v1/projects/docker-258721/global/images/docker-host-1573856950",
                    "labels": {},
                    "size": 10,
                    "type": "pd-standard"
                  }
                ],
                "kms_key_self_link": "",
                "mode": "READ_WRITE",
                "source": "https://www.googleapis.com/compute/v1/projects/docker-258721/zones/europe-west1-b/disks/docker-host-1"
              }
            ],
            "can_ip_forward": false,
            "cpu_platform": "Intel Haswell",
            "deletion_protection": false,
            "description": "",
            "disk": [],
            "enable_display": false,
            "guest_accelerator": [],
            "hostname": "",
            "id": "docker-host-1",
            "instance_id": "1825606839559621551",
            "label_fingerprint": "42WmSpB8rSM=",
            "labels": null,
            "machine_type": "n1-standard-1",
            "metadata": {
              "ssh-keys": "appuser:ssh-rsa AAAAB3NzaC1yc2EAAAADAQABAAABAQDjmx4NZz8pYEqJCOsVQrtWqLSw8Ir3FwZU5sooUCxN7Xwk/+/HA0Eh62kI7zFSgXRoY1Sx6UaNwg82NpJZC6se3vXJWK+n5FtrmzWhE19+rSWFZEuzHXP6gJXSpAgSFo/NRHmALhuv7O2/McOzArs3Cr99KiT2wLil68+kzg2OSbY9bvvleC8bDVg6sRp08FXIy3uZ73774bkTlYPTIb8FrB1toRkpopAqlnC1lFBA3ZYTCF4Kf45YBjvMmysBa0omrfPfoMfEIluCkSoPo5a+2m9H2KbBNSHZLkd4PHh5cTUW+UaobuHdoSYWpkXFyZ2AkDWFcBmwm2uxwmJaacMN appuser\n"
            },
            "metadata_fingerprint": "GM6GsU194LY=",
            "metadata_startup_script": "",
            "min_cpu_platform": "",
            "name": "docker-host-1",
            "network_interface": [
              {
                "access_config": [
                  {
                    "assigned_nat_ip": "",
                    "nat_ip": "35.195.14.29",
                    "network_tier": "PREMIUM",
                    "public_ptr_domain_name": ""
                  }
                ],
                "address": "",
                "alias_ip_range": [],
                "name": "nic0",
                "network": "https://www.googleapis.com/compute/v1/projects/docker-258721/global/networks/default",
                "network_ip": "10.132.0.38",
                "subnetwork": "https://www.googleapis.com/compute/v1/projects/docker-258721/regions/europe-west1/subnetworks/default",
                "subnetwork_project": "docker-258721"
              }
            ],
            "project": "docker-258721",
            "scheduling": [
              {
                "automatic_restart": true,
                "node_affinities": [],
                "on_host_maintenance": "MIGRATE",
                "preemptible": false
              }
            ],
            "scratch_disk": [],
            "self_link": "https://www.googleapis.com/compute/v1/projects/docker-258721/zones/europe-west1-b/instances/docker-host-1",
            "service_account": [],
            "shielded_instance_config": [],
            "tags": [
              "docker-machines"
            ],
            "tags_fingerprint": "DYuTNhd7XtU=",
            "timeouts": null,
            "zone": "europe-west1-b"
          },
          "private": "eyJlMmJmYjczMC1lY2FhLTExZTYtOGY4OC0zNDM2M2JjN2M0YzAiOnsiY3JlYXRlIjoxMjAwMDAwMDAwMDAwLCJkZWxldGUiOjEyMDAwMDAwMDAwMDAsInVwZGF0ZSI6MTIwMDAwMDAwMDAwMH0sInNjaGVtYV92ZXJzaW9uIjoiNiJ9"
        },
        {
          "index_key": 2,
          "schema_version": 6,
          "attributes": {
            "allow_stopping_for_update": null,
            "attached_disk": [],
            "boot_disk": [
              {
                "auto_delete": true,
                "device_name": "persistent-disk-0",
                "disk_encryption_key_raw": "",
                "disk_encryption_key_sha256": "",
                "initialize_params": [
                  {
                    "image": "https://www.googleapis.com/compute/v1/projects/docker-258721/global/images/docker-host-1573856950",
                    "labels": {},
                    "size": 10,
                    "type": "pd-standard"
                  }
                ],
                "kms_key_self_link": "",
                "mode": "READ_WRITE",
                "source": "https://www.googleapis.com/compute/v1/projects/docker-258721/zones/europe-west1-b/disks/docker-host-2"
              }
            ],
            "can_ip_forward": false,
            "cpu_platform": "Intel Haswell",
            "deletion_protection": false,
            "description": "",
            "disk": [],
            "enable_display": false,
            "guest_accelerator": [],
            "hostname": "",
            "id": "docker-host-2",
            "instance_id": "797371405241519023",
            "label_fingerprint": "42WmSpB8rSM=",
            "labels": null,
            "machine_type": "n1-standard-1",
            "metadata": {
              "ssh-keys": "appuser:ssh-rsa AAAAB3NzaC1yc2EAAAADAQABAAABAQDjmx4NZz8pYEqJCOsVQrtWqLSw8Ir3FwZU5sooUCxN7Xwk/+/HA0Eh62kI7zFSgXRoY1Sx6UaNwg82NpJZC6se3vXJWK+n5FtrmzWhE19+rSWFZEuzHXP6gJXSpAgSFo/NRHmALhuv7O2/McOzArs3Cr99KiT2wLil68+kzg2OSbY9bvvleC8bDVg6sRp08FXIy3uZ73774bkTlYPTIb8FrB1toRkpopAqlnC1lFBA3ZYTCF4Kf45YBjvMmysBa0omrfPfoMfEIluCkSoPo5a+2m9H2KbBNSHZLkd4PHh5cTUW+UaobuHdoSYWpkXFyZ2AkDWFcBmwm2uxwmJaacMN appuser\n"
            },
            "metadata_fingerprint": "GM6GsU194LY=",
            "metadata_startup_script": "",
            "min_cpu_platform": "",
            "name": "docker-host-2",
            "network_interface": [
              {
                "access_config": [
                  {
                    "assigned_nat_ip": "",
                    "nat_ip": "34.76.140.120",
                    "network_tier": "PREMIUM",
                    "public_ptr_domain_name": ""
                  }
                ],
                "address": "",
                "alias_ip_range": [],
                "name": "nic0",
                "network": "https://www.googleapis.com/compute/v1/projects/docker-258721/global/networks/default",
                "network_ip": "10.132.0.40",
                "subnetwork": "https://www.googleapis.com/compute/v1/projects/docker-258721/regions/europe-west1/subnetworks/default",
                "subnetwork_project": "docker-258721"
              }
            ],
            "project": "docker-258721",
            "scheduling": [
              {
                "automatic_restart": true,
                "node_affinities": [],
                "on_host_maintenance": "MIGRATE",
                "preemptible": false
              }
            ],
            "scratch_disk": [],
            "self_link": "https://www.googleapis.com/compute/v1/projects/docker-258721/zones/europe-west1-b/instances/docker-host-2",
            "service_account": [],
            "shielded_instance_config": [],
            "tags": [
              "docker-machines"
            ],
            "tags_fingerprint": "DYuTNhd7XtU=",
            "timeouts": null,
            "zone": "europe-west1-b"
          },
          "private": "eyJlMmJmYjczMC1lY2FhLTExZTYtOGY4OC0zNDM2M2JjN2M0YzAiOnsiY3JlYXRlIjoxMjAwMDAwMDAwMDAwLCJkZWxldGUiOjEyMDAwMDAwMDAwMDAsInVwZGF0ZSI6MTIwMDAwMDAwMDAwMH0sInNjaGVtYV92ZXJzaW9uIjoiNiJ9"
        }
      ]
    }
  ]
}
